
Microsoft Visual Studio Solution File, Format Version 12.00
# Visual Studio 15
VisualStudioVersion = 15.0.28307.1300
MinimumVisualStudioVersion = 10.0.40219.1
Project("{FAE04EC0-301F-11D3-BF4B-00C04F79EFBC}") = "Firebase.Cloud.Messaging", "Firebase.Cloud.Messaging\Firebase.Cloud.Messaging.csproj", "{90768214-0410-444E-AC52-D6AF72D78F2B}"
EndProject
Project("{FAE04EC0-301F-11D3-BF4B-00C04F79EFBC}") = "Firebase.Cloud.Messaging.UnitTests", "Firebase.Cloud.Messaging.UnitTests\Firebase.Cloud.Messaging.UnitTests.csproj", "{54ACC2D3-6158-45C7-9007-C1ED22B89514}"
EndProject
Global
	GlobalSection(SolutionConfigurationPlatforms) = preSolution
		Debug|Any CPU = Debug|Any CPU
		Release|Any CPU = Release|Any CPU
	EndGlobalSection
	GlobalSection(ProjectConfigurationPlatforms) = postSolution
		{90768214-0410-444E-AC52-D6AF72D78F2B}.Debug|Any CPU.ActiveCfg = Debug|Any CPU
		{90768214-0410-444E-AC52-D6AF72D78F2B}.Debug|Any CPU.Build.0 = Debug|Any CPU
		{90768214-0410-444E-AC52-D6AF72D78F2B}.Release|Any CPU.ActiveCfg = Release|Any CPU
		{90768214-0410-444E-AC52-D6AF72D78F2B}.Release|Any CPU.Build.0 = Release|Any CPU
		{54ACC2D3-6158-45C7-9007-C1ED22B89514}.Debug|Any CPU.ActiveCfg = Debug|Any CPU
		{54ACC2D3-6158-45C7-9007-C1ED22B89514}.Debug|Any CPU.Build.0 = Debug|Any CPU
		{54ACC2D3-6158-45C7-9007-C1ED22B89514}.Release|Any CPU.ActiveCfg = Release|Any CPU
		{54ACC2D3-6158-45C7-9007-C1ED22B89514}.Release|Any CPU.Build.0 = Release|Any CPU
	EndGlobalSection
	GlobalSection(SolutionProperties) = preSolution
		HideSolutionNode = FALSE
	EndGlobalSection
	GlobalSection(ExtensibilityGlobals) = postSolution
		SolutionGuid = {A3301EE2-B009-475A-917A-B4176AD89894}
	EndGlobalSection
EndGlobal
